
Microsoft Visual Studio Solution File, Format Version 12.00
# Visual Studio Version 17
VisualStudioVersion = 17.14.36127.28
MinimumVisualStudioVersion = 10.0.40219.1
Project("{2150E333-8FDC-42A3-9474-1A3956D46DE8}") = "Services", "Services", "{02EA681E-C7D8-13C7-8484-4AC65E1B71E8}"
EndProject
Project("{2150E333-8FDC-42A3-9474-1A3956D46DE8}") = "ecommerce", "ecommerce", "{3A70FE8E-A94B-49F3-860C-EC0E37FB42CC}"
EndProject
Project("{FAE04EC0-301F-11D3-BF4B-00C04F79EFBC}") = "eCommerce.API", "eCommerce.API\eCommerce.API.csproj", "{8A0FD36E-E47E-4092-A5BB-A019B6C0AB36}"
EndProject
Project("{FAE04EC0-301F-11D3-BF4B-00C04F79EFBC}") = "eCommerce.Core", "eCommerce.Core\eCommerce.Core.csproj", "{30EE1F38-0945-4036-BBD8-F63ECC1CA81A}"
EndProject
Project("{FAE04EC0-301F-11D3-BF4B-00C04F79EFBC}") = "eCommerce.Infrastructure", "eCommerce.Infrastructure\eCommerce.Infrastructure.csproj", "{220230A9-3221-488A-8571-52D7088DA847}"
EndProject
Project("{E53339B2-1760-4266-BCC7-CA923CBCF16C}") = "docker-compose", "docker-compose.dcproj", "{81DDED9D-158B-E303-5F62-77A2896D2A5A}"
EndProject
Project("{2150E333-8FDC-42A3-9474-1A3956D46DE8}") = "Solution Items", "Solution Items", "{8EC462FD-D22E-90A8-E5CE-7E832BA40C5D}"
	ProjectSection(SolutionItems) = preProject
		.env = .env
	EndProjectSection
EndProject
Project("{2150E333-8FDC-42A3-9474-1A3956D46DE8}") = "Products", "Products", "{6451624A-3F5F-4553-BDEA-AC7C9994BDF9}"
EndProject
Project("{FAE04EC0-301F-11D3-BF4B-00C04F79EFBC}") = "Product.API", "ProductServices\Product.API\Product.API.csproj", "{1A914B50-2739-4838-89E5-FFF1CB52F257}"
EndProject
Project("{FAE04EC0-301F-11D3-BF4B-00C04F79EFBC}") = "Product.Core", "ProductServices\Product.Core\Product.Core.csproj", "{650E9789-A237-4AB7-9B98-C9854B55095F}"
EndProject
Project("{FAE04EC0-301F-11D3-BF4B-00C04F79EFBC}") = "Product.Infrastructure", "ProductServices\Product.Infrastructure\Product.Infrastructure.csproj", "{2C4B4D5A-3EDD-4685-B9BD-472E1D98BB8C}"
EndProject
Project("{2150E333-8FDC-42A3-9474-1A3956D46DE8}") = "Order", "Order", "{5B1FF3E5-7703-449B-8BD6-5A7B4B29B9CA}"
EndProject
Project("{FAE04EC0-301F-11D3-BF4B-00C04F79EFBC}") = "Order.API", "OrderMicroService\Order.API\Order.API.csproj", "{09E2DE4D-3E55-4922-93A3-C643D0FF08D3}"
EndProject
Project("{FAE04EC0-301F-11D3-BF4B-00C04F79EFBC}") = "Order.Core", "OrderMicroService\Order.Core\Order.Core.csproj", "{89943DDB-7E13-479D-BB03-38A5A7AD2D18}"
EndProject
Project("{FAE04EC0-301F-11D3-BF4B-00C04F79EFBC}") = "Oder.Infrastructure", "OrderMicroService\Oder.Infrastructure\Oder.Infrastructure.csproj", "{E7C21E49-C270-4CF7-A84C-19BED18CDF26}"
EndProject
Global
	GlobalSection(SolutionConfigurationPlatforms) = preSolution
		Debug|Any CPU = Debug|Any CPU
		Release|Any CPU = Release|Any CPU
	EndGlobalSection
	GlobalSection(ProjectConfigurationPlatforms) = postSolution
		{8A0FD36E-E47E-4092-A5BB-A019B6C0AB36}.Debug|Any CPU.ActiveCfg = Debug|Any CPU
		{8A0FD36E-E47E-4092-A5BB-A019B6C0AB36}.Debug|Any CPU.Build.0 = Debug|Any CPU
		{8A0FD36E-E47E-4092-A5BB-A019B6C0AB36}.Release|Any CPU.ActiveCfg = Release|Any CPU
		{8A0FD36E-E47E-4092-A5BB-A019B6C0AB36}.Release|Any CPU.Build.0 = Release|Any CPU
		{30EE1F38-0945-4036-BBD8-F63ECC1CA81A}.Debug|Any CPU.ActiveCfg = Debug|Any CPU
		{30EE1F38-0945-4036-BBD8-F63ECC1CA81A}.Debug|Any CPU.Build.0 = Debug|Any CPU
		{30EE1F38-0945-4036-BBD8-F63ECC1CA81A}.Release|Any CPU.ActiveCfg = Release|Any CPU
		{30EE1F38-0945-4036-BBD8-F63ECC1CA81A}.Release|Any CPU.Build.0 = Release|Any CPU
		{220230A9-3221-488A-8571-52D7088DA847}.Debug|Any CPU.ActiveCfg = Debug|Any CPU
		{220230A9-3221-488A-8571-52D7088DA847}.Debug|Any CPU.Build.0 = Debug|Any CPU
		{220230A9-3221-488A-8571-52D7088DA847}.Release|Any CPU.ActiveCfg = Release|Any CPU
		{220230A9-3221-488A-8571-52D7088DA847}.Release|Any CPU.Build.0 = Release|Any CPU
		{81DDED9D-158B-E303-5F62-77A2896D2A5A}.Debug|Any CPU.ActiveCfg = Debug|Any CPU
		{81DDED9D-158B-E303-5F62-77A2896D2A5A}.Debug|Any CPU.Build.0 = Debug|Any CPU
		{81DDED9D-158B-E303-5F62-77A2896D2A5A}.Release|Any CPU.ActiveCfg = Release|Any CPU
		{81DDED9D-158B-E303-5F62-77A2896D2A5A}.Release|Any CPU.Build.0 = Release|Any CPU
		{1A914B50-2739-4838-89E5-FFF1CB52F257}.Debug|Any CPU.ActiveCfg = Debug|Any CPU
		{1A914B50-2739-4838-89E5-FFF1CB52F257}.Debug|Any CPU.Build.0 = Debug|Any CPU
		{1A914B50-2739-4838-89E5-FFF1CB52F257}.Release|Any CPU.ActiveCfg = Release|Any CPU
		{1A914B50-2739-4838-89E5-FFF1CB52F257}.Release|Any CPU.Build.0 = Release|Any CPU
		{650E9789-A237-4AB7-9B98-C9854B55095F}.Debug|Any CPU.ActiveCfg = Debug|Any CPU
		{650E9789-A237-4AB7-9B98-C9854B55095F}.Debug|Any CPU.Build.0 = Debug|Any CPU
		{650E9789-A237-4AB7-9B98-C9854B55095F}.Release|Any CPU.ActiveCfg = Release|Any CPU
		{650E9789-A237-4AB7-9B98-C9854B55095F}.Release|Any CPU.Build.0 = Release|Any CPU
		{2C4B4D5A-3EDD-4685-B9BD-472E1D98BB8C}.Debug|Any CPU.ActiveCfg = Debug|Any CPU
		{2C4B4D5A-3EDD-4685-B9BD-472E1D98BB8C}.Debug|Any CPU.Build.0 = Debug|Any CPU
		{2C4B4D5A-3EDD-4685-B9BD-472E1D98BB8C}.Release|Any CPU.ActiveCfg = Release|Any CPU
		{2C4B4D5A-3EDD-4685-B9BD-472E1D98BB8C}.Release|Any CPU.Build.0 = Release|Any CPU
		{09E2DE4D-3E55-4922-93A3-C643D0FF08D3}.Debug|Any CPU.ActiveCfg = Debug|Any CPU
		{09E2DE4D-3E55-4922-93A3-C643D0FF08D3}.Debug|Any CPU.Build.0 = Debug|Any CPU
		{09E2DE4D-3E55-4922-93A3-C643D0FF08D3}.Release|Any CPU.ActiveCfg = Release|Any CPU
		{09E2DE4D-3E55-4922-93A3-C643D0FF08D3}.Release|Any CPU.Build.0 = Release|Any CPU
		{89943DDB-7E13-479D-BB03-38A5A7AD2D18}.Debug|Any CPU.ActiveCfg = Debug|Any CPU
		{89943DDB-7E13-479D-BB03-38A5A7AD2D18}.Debug|Any CPU.Build.0 = Debug|Any CPU
		{89943DDB-7E13-479D-BB03-38A5A7AD2D18}.Release|Any CPU.ActiveCfg = Release|Any CPU
		{89943DDB-7E13-479D-BB03-38A5A7AD2D18}.Release|Any CPU.Build.0 = Release|Any CPU
		{E7C21E49-C270-4CF7-A84C-19BED18CDF26}.Debug|Any CPU.ActiveCfg = Debug|Any CPU
		{E7C21E49-C270-4CF7-A84C-19BED18CDF26}.Debug|Any CPU.Build.0 = Debug|Any CPU
		{E7C21E49-C270-4CF7-A84C-19BED18CDF26}.Release|Any CPU.ActiveCfg = Release|Any CPU
		{E7C21E49-C270-4CF7-A84C-19BED18CDF26}.Release|Any CPU.Build.0 = Release|Any CPU
	EndGlobalSection
	GlobalSection(SolutionProperties) = preSolution
		HideSolutionNode = FALSE
	EndGlobalSection
	GlobalSection(NestedProjects) = preSolution
		{3A70FE8E-A94B-49F3-860C-EC0E37FB42CC} = {02EA681E-C7D8-13C7-8484-4AC65E1B71E8}
		{8A0FD36E-E47E-4092-A5BB-A019B6C0AB36} = {3A70FE8E-A94B-49F3-860C-EC0E37FB42CC}
		{30EE1F38-0945-4036-BBD8-F63ECC1CA81A} = {3A70FE8E-A94B-49F3-860C-EC0E37FB42CC}
		{220230A9-3221-488A-8571-52D7088DA847} = {3A70FE8E-A94B-49F3-860C-EC0E37FB42CC}
		{6451624A-3F5F-4553-BDEA-AC7C9994BDF9} = {02EA681E-C7D8-13C7-8484-4AC65E1B71E8}
		{1A914B50-2739-4838-89E5-FFF1CB52F257} = {6451624A-3F5F-4553-BDEA-AC7C9994BDF9}
		{650E9789-A237-4AB7-9B98-C9854B55095F} = {6451624A-3F5F-4553-BDEA-AC7C9994BDF9}
		{2C4B4D5A-3EDD-4685-B9BD-472E1D98BB8C} = {6451624A-3F5F-4553-BDEA-AC7C9994BDF9}
		{5B1FF3E5-7703-449B-8BD6-5A7B4B29B9CA} = {02EA681E-C7D8-13C7-8484-4AC65E1B71E8}
		{09E2DE4D-3E55-4922-93A3-C643D0FF08D3} = {5B1FF3E5-7703-449B-8BD6-5A7B4B29B9CA}
		{89943DDB-7E13-479D-BB03-38A5A7AD2D18} = {5B1FF3E5-7703-449B-8BD6-5A7B4B29B9CA}
		{E7C21E49-C270-4CF7-A84C-19BED18CDF26} = {5B1FF3E5-7703-449B-8BD6-5A7B4B29B9CA}
	EndGlobalSection
	GlobalSection(ExtensibilityGlobals) = postSolution
		SolutionGuid = {6D46A667-F169-44BC-8006-3EDC3B7CEB3B}
	EndGlobalSection
EndGlobal
